// !$*UTF8*$!
{
	archiveVersion = 1;
	classes = {
	};
	objectVersion = 56;
	objects = {

/* Begin PBXBuildFile section */
		5FBEF5192AD6E02800F91F6A /* AppDelegate.swift in Sources */ = {isa = PBXBuildFile; fileRef = 5FBEF5182AD6E02800F91F6A /* AppDelegate.swift */; };
		5FBEF51B2AD6E02800F91F6A /* SceneDelegate.swift in Sources */ = {isa = PBXBuildFile; fileRef = 5FBEF51A2AD6E02800F91F6A /* SceneDelegate.swift */; };
		5FBEF51D2AD6E02800F91F6A /* ViewController.swift in Sources */ = {isa = PBXBuildFile; fileRef = 5FBEF51C2AD6E02800F91F6A /* ViewController.swift */; };
		5FBEF5202AD6E02800F91F6A /* Main.storyboard in Resources */ = {isa = PBXBuildFile; fileRef = 5FBEF51E2AD6E02800F91F6A /* Main.storyboard */; };
		5FBEF5222AD6E02A00F91F6A /* Assets.xcassets in Resources */ = {isa = PBXBuildFile; fileRef = 5FBEF5212AD6E02A00F91F6A /* Assets.xcassets */; };
		5FBEF5252AD6E02B00F91F6A /* LaunchScreen.storyboard in Resources */ = {isa = PBXBuildFile; fileRef = 5FBEF5232AD6E02B00F91F6A /* LaunchScreen.storyboard */; };
		5FBEF5302AD6E02B00F91F6A /* knots_and_crossesTests.swift in Sources */ = {isa = PBXBuildFile; fileRef = 5FBEF52F2AD6E02B00F91F6A /* knots_and_crossesTests.swift */; };
		5FBEF53A2AD6E02B00F91F6A /* knots_and_crossesUITests.swift in Sources */ = {isa = PBXBuildFile; fileRef = 5FBEF5392AD6E02B00F91F6A /* knots_and_crossesUITests.swift */; };
		5FBEF53C2AD6E02B00F91F6A /* knots_and_crossesUITestsLaunchTests.swift in Sources */ = {isa = PBXBuildFile; fileRef = 5FBEF53B2AD6E02B00F91F6A /* knots_and_crossesUITestsLaunchTests.swift */; };
/* End PBXBuildFile section */

/* Begin PBXContainerItemProxy section */
		5FBEF52C2AD6E02B00F91F6A /* PBXContainerItemProxy */ = {
			isa = PBXContainerItemProxy;
			containerPortal = 5FBEF50D2AD6E02800F91F6A /* Project object */;
			proxyType = 1;
			remoteGlobalIDString = 5FBEF5142AD6E02800F91F6A;
			remoteInfo = "knots-and-crosses";
		};
		5FBEF5362AD6E02B00F91F6A /* PBXContainerItemProxy */ = {
			isa = PBXContainerItemProxy;
			containerPortal = 5FBEF50D2AD6E02800F91F6A /* Project object */;
			proxyType = 1;
			remoteGlobalIDString = 5FBEF5142AD6E02800F91F6A;
			remoteInfo = "knots-and-crosses";
		};
/* End PBXContainerItemProxy section */

/* Begin PBXFileReference section */
		5FBEF5152AD6E02800F91F6A /* knots-and-crosses.app */ = {isa = PBXFileReference; explicitFileType = wrapper.application; includeInIndex = 0; path = "knots-and-crosses.app"; sourceTree = BUILT_PRODUCTS_DIR; };
		5FBEF5182AD6E02800F91F6A /* AppDelegate.swift */ = {isa = PBXFileReference; lastKnownFileType = sourcecode.swift; path = AppDelegate.swift; sourceTree = "<group>"; };
		5FBEF51A2AD6E02800F91F6A /* SceneDelegate.swift */ = {isa = PBXFileReference; lastKnownFileType = sourcecode.swift; path = SceneDelegate.swift; sourceTree = "<group>"; };
		5FBEF51C2AD6E02800F91F6A /* ViewController.swift */ = {isa = PBXFileReference; lastKnownFileType = sourcecode.swift; path = ViewController.swift; sourceTree = "<group>"; };
		5FBEF51F2AD6E02800F91F6A /* Base */ = {isa = PBXFileReference; lastKnownFileType = file.storyboard; name = Base; path = Base.lproj/Main.storyboard; sourceTree = "<group>"; };
		5FBEF5212AD6E02A00F91F6A /* Assets.xcassets */ = {isa = PBXFileReference; lastKnownFileType = folder.assetcatalog; path = Assets.xcassets; sourceTree = "<group>"; };
		5FBEF5242AD6E02B00F91F6A /* Base */ = {isa = PBXFileReference; lastKnownFileType = file.storyboard; name = Base; path = Base.lproj/LaunchScreen.storyboard; sourceTree = "<group>"; };
		5FBEF5262AD6E02B00F91F6A /* Info.plist */ = {isa = PBXFileReference; lastKnownFileType = text.plist.xml; path = Info.plist; sourceTree = "<group>"; };
		5FBEF52B2AD6E02B00F91F6A /* knots-and-crossesTests.xctest */ = {isa = PBXFileReference; explicitFileType = wrapper.cfbundle; includeInIndex = 0; path = "knots-and-crossesTests.xctest"; sourceTree = BUILT_PRODUCTS_DIR; };
		5FBEF52F2AD6E02B00F91F6A /* knots_and_crossesTests.swift */ = {isa = PBXFileReference; lastKnownFileType = sourcecode.swift; path = knots_and_crossesTests.swift; sourceTree = "<group>"; };
		5FBEF5352AD6E02B00F91F6A /* knots-and-crossesUITests.xctest */ = {isa = PBXFileReference; explicitFileType = wrapper.cfbundle; includeInIndex = 0; path = "knots-and-crossesUITests.xctest"; sourceTree = BUILT_PRODUCTS_DIR; };
		5FBEF5392AD6E02B00F91F6A /* knots_and_crossesUITests.swift */ = {isa = PBXFileReference; lastKnownFileType = sourcecode.swift; path = knots_and_crossesUITests.swift; sourceTree = "<group>"; };
		5FBEF53B2AD6E02B00F91F6A /* knots_and_crossesUITestsLaunchTests.swift */ = {isa = PBXFileReference; lastKnownFileType = sourcecode.swift; path = knots_and_crossesUITestsLaunchTests.swift; sourceTree = "<group>"; };
/* End PBXFileReference section */

/* Begin PBXFrameworksBuildPhase section */
		5FBEF5122AD6E02800F91F6A /* Frameworks */ = {
			isa = PBXFrameworksBuildPhase;
			buildActionMask = 2147483647;
			files = (
			);
			runOnlyForDeploymentPostprocessing = 0;
		};
		5FBEF5282AD6E02B00F91F6A /* Frameworks */ = {
			isa = PBXFrameworksBuildPhase;
			buildActionMask = 2147483647;
			files = (
			);
			runOnlyForDeploymentPostprocessing = 0;
		};
		5FBEF5322AD6E02B00F91F6A /* Frameworks */ = {
			isa = PBXFrameworksBuildPhase;
			buildActionMask = 2147483647;
			files = (
			);
			runOnlyForDeploymentPostprocessing = 0;
		};
/* End PBXFrameworksBuildPhase section */

/* Begin PBXGroup section */
		5FBEF50C2AD6E02800F91F6A = {
			isa = PBXGroup;
			children = (
				5FBEF5172AD6E02800F91F6A /* knots-and-crosses */,
				5FBEF52E2AD6E02B00F91F6A /* knots-and-crossesTests */,
				5FBEF5382AD6E02B00F91F6A /* knots-and-crossesUITests */,
				5FBEF5162AD6E02800F91F6A /* Products */,
			);
			sourceTree = "<group>";
		};
		5FBEF5162AD6E02800F91F6A /* Products */ = {
			isa = PBXGroup;
			children = (
				5FBEF5152AD6E02800F91F6A /* knots-and-crosses.app */,
				5FBEF52B2AD6E02B00F91F6A /* knots-and-crossesTests.xctest */,
				5FBEF5352AD6E02B00F91F6A /* knots-and-crossesUITests.xctest */,
			);
			name = Products;
			sourceTree = "<group>";
		};
		5FBEF5172AD6E02800F91F6A /* knots-and-crosses */ = {
			isa = PBXGroup;
			children = (
				5FBEF5182AD6E02800F91F6A /* AppDelegate.swift */,
				5FBEF51A2AD6E02800F91F6A /* SceneDelegate.swift */,
				5FBEF51C2AD6E02800F91F6A /* ViewController.swift */,
				5FBEF51E2AD6E02800F91F6A /* Main.storyboard */,
				5FBEF5212AD6E02A00F91F6A /* Assets.xcassets */,
				5FBEF5232AD6E02B00F91F6A /* LaunchScreen.storyboard */,
				5FBEF5262AD6E02B00F91F6A /* Info.plist */,
			);
			path = "knots-and-crosses";
			sourceTree = "<group>";
		};
		5FBEF52E2AD6E02B00F91F6A /* knots-and-crossesTests */ = {
			isa = PBXGroup;
			children = (
				5FBEF52F2AD6E02B00F91F6A /* knots_and_crossesTests.swift */,
			);
			path = "knots-and-crossesTests";
			sourceTree = "<group>";
		};
		5FBEF5382AD6E02B00F91F6A /* knots-and-crossesUITests */ = {
			isa = PBXGroup;
			children = (
				5FBEF5392AD6E02B00F91F6A /* knots_and_crossesUITests.swift */,
				5FBEF53B2AD6E02B00F91F6A /* knots_and_crossesUITestsLaunchTests.swift */,
			);
			path = "knots-and-crossesUITests";
			sourceTree = "<group>";
		};
/* End PBXGroup section */

/* Begin PBXNativeTarget section */
		5FBEF5142AD6E02800F91F6A /* knots-and-crosses */ = {
			isa = PBXNativeTarget;
			buildConfigurationList = 5FBEF53F2AD6E02B00F91F6A /* Build configuration list for PBXNativeTarget "knots-and-crosses" */;
			buildPhases = (
				5FBEF5112AD6E02800F91F6A /* Sources */,
				5FBEF5122AD6E02800F91F6A /* Frameworks */,
				5FBEF5132AD6E02800F91F6A /* Resources */,
			);
			buildRules = (
			);
			dependencies = (
			);
			name = "knots-and-crosses";
			productName = "knots-and-crosses";
			productReference = 5FBEF5152AD6E02800F91F6A /* knots-and-crosses.app */;
			productType = "com.apple.product-type.application";
		};
		5FBEF52A2AD6E02B00F91F6A /* knots-and-crossesTests */ = {
			isa = PBXNativeTarget;
			buildConfigurationList = 5FBEF5422AD6E02B00F91F6A /* Build configuration list for PBXNativeTarget "knots-and-crossesTests" */;
			buildPhases = (
				5FBEF5272AD6E02B00F91F6A /* Sources */,
				5FBEF5282AD6E02B00F91F6A /* Frameworks */,
				5FBEF5292AD6E02B00F91F6A /* Resources */,
			);
			buildRules = (
			);
			dependencies = (
				5FBEF52D2AD6E02B00F91F6A /* PBXTargetDependency */,
			);
			name = "knots-and-crossesTests";
			productName = "knots-and-crossesTests";
			productReference = 5FBEF52B2AD6E02B00F91F6A /* knots-and-crossesTests.xctest */;
			productType = "com.apple.product-type.bundle.unit-test";
		};
		5FBEF5342AD6E02B00F91F6A /* knots-and-crossesUITests */ = {
			isa = PBXNativeTarget;
			buildConfigurationList = 5FBEF5452AD6E02B00F91F6A /* Build configuration list for PBXNativeTarget "knots-and-crossesUITests" */;
			buildPhases = (
				5FBEF5312AD6E02B00F91F6A /* Sources */,
				5FBEF5322AD6E02B00F91F6A /* Frameworks */,
				5FBEF5332AD6E02B00F91F6A /* Resources */,
			);
			buildRules = (
			);
			dependencies = (
				5FBEF5372AD6E02B00F91F6A /* PBXTargetDependency */,
			);
			name = "knots-and-crossesUITests";
			productName = "knots-and-crossesUITests";
			productReference = 5FBEF5352AD6E02B00F91F6A /* knots-and-crossesUITests.xctest */;
			productType = "com.apple.product-type.bundle.ui-testing";
		};
/* End PBXNativeTarget section */

/* Begin PBXProject section */
		5FBEF50D2AD6E02800F91F6A /* Project object */ = {
			isa = PBXProject;
			attributes = {
				BuildIndependentTargetsInParallel = 1;
				LastSwiftUpdateCheck = 1430;
				LastUpgradeCheck = 1430;
				TargetAttributes = {
					5FBEF5142AD6E02800F91F6A = {
						CreatedOnToolsVersion = 14.3.1;
					};
					5FBEF52A2AD6E02B00F91F6A = {
						CreatedOnToolsVersion = 14.3.1;
						TestTargetID = 5FBEF5142AD6E02800F91F6A;
					};
					5FBEF5342AD6E02B00F91F6A = {
						CreatedOnToolsVersion = 14.3.1;
						TestTargetID = 5FBEF5142AD6E02800F91F6A;
					};
				};
			};
			buildConfigurationList = 5FBEF5102AD6E02800F91F6A /* Build configuration list for PBXProject "knots-and-crosses" */;
			compatibilityVersion = "Xcode 14.0";
			developmentRegion = en;
			hasScannedForEncodings = 0;
			knownRegions = (
				en,
				Base,
			);
			mainGroup = 5FBEF50C2AD6E02800F91F6A;
			productRefGroup = 5FBEF5162AD6E02800F91F6A /* Products */;
			projectDirPath = "";
			projectRoot = "";
			targets = (
				5FBEF5142AD6E02800F91F6A /* knots-and-crosses */,
				5FBEF52A2AD6E02B00F91F6A /* knots-and-crossesTests */,
				5FBEF5342AD6E02B00F91F6A /* knots-and-crossesUITests */,
			);
		};
/* End PBXProject section */

/* Begin PBXResourcesBuildPhase section */
		5FBEF5132AD6E02800F91F6A /* Resources */ = {
			isa = PBXResourcesBuildPhase;
			buildActionMask = 2147483647;
			files = (
				5FBEF5252AD6E02B00F91F6A /* LaunchScreen.storyboard in Resources */,
				5FBEF5222AD6E02A00F91F6A /* Assets.xcassets in Resources */,
				5FBEF5202AD6E02800F91F6A /* Main.storyboard in Resources */,
			);
			runOnlyForDeploymentPostprocessing = 0;
		};
		5FBEF5292AD6E02B00F91F6A /* Resources */ = {
			isa = PBXResourcesBuildPhase;
			buildActionMask = 2147483647;
			files = (
			);
			runOnlyForDeploymentPostprocessing = 0;
		};
		5FBEF5332AD6E02B00F91F6A /* Resources */ = {
			isa = PBXResourcesBuildPhase;
			buildActionMask = 2147483647;
			files = (
			);
			runOnlyForDeploymentPostprocessing = 0;
		};
/* End PBXResourcesBuildPhase section */

/* Begin PBXSourcesBuildPhase section */
		5FBEF5112AD6E02800F91F6A /* Sources */ = {
			isa = PBXSourcesBuildPhase;
			buildActionMask = 2147483647;
			files = (
				5FBEF51D2AD6E02800F91F6A /* ViewController.swift in Sources */,
				5FBEF5192AD6E02800F91F6A /* AppDelegate.swift in Sources */,
				5FBEF51B2AD6E02800F91F6A /* SceneDelegate.swift in Sources */,
			);
			runOnlyForDeploymentPostprocessing = 0;
		};
		5FBEF5272AD6E02B00F91F6A /* Sources */ = {
			isa = PBXSourcesBuildPhase;
			buildActionMask = 2147483647;
			files = (
				5FBEF5302AD6E02B00F91F6A /* knots_and_crossesTests.swift in Sources */,
			);
			runOnlyForDeploymentPostprocessing = 0;
		};
		5FBEF5312AD6E02B00F91F6A /* Sources */ = {
			isa = PBXSourcesBuildPhase;
			buildActionMask = 2147483647;
			files = (
				5FBEF53A2AD6E02B00F91F6A /* knots_and_crossesUITests.swift in Sources */,
				5FBEF53C2AD6E02B00F91F6A /* knots_and_crossesUITestsLaunchTests.swift in Sources */,
			);
			runOnlyForDeploymentPostprocessing = 0;
		};
/* End PBXSourcesBuildPhase section */

/* Begin PBXTargetDependency section */
		5FBEF52D2AD6E02B00F91F6A /* PBXTargetDependency */ = {
			isa = PBXTargetDependency;
			target = 5FBEF5142AD6E02800F91F6A /* knots-and-crosses */;
			targetProxy = 5FBEF52C2AD6E02B00F91F6A /* PBXContainerItemProxy */;
		};
		5FBEF5372AD6E02B00F91F6A /* PBXTargetDependency */ = {
			isa = PBXTargetDependency;
			target = 5FBEF5142AD6E02800F91F6A /* knots-and-crosses */;
			targetProxy = 5FBEF5362AD6E02B00F91F6A /* PBXContainerItemProxy */;
		};
/* End PBXTargetDependency section */

/* Begin PBXVariantGroup section */
		5FBEF51E2AD6E02800F91F6A /* Main.storyboard */ = {
			isa = PBXVariantGroup;
			children = (
				5FBEF51F2AD6E02800F91F6A /* Base */,
			);
			name = Main.storyboard;
			sourceTree = "<group>";
		};
		5FBEF5232AD6E02B00F91F6A /* LaunchScreen.storyboard */ = {
			isa = PBXVariantGroup;
			children = (
				5FBEF5242AD6E02B00F91F6A /* Base */,
			);
			name = LaunchScreen.storyboard;
			sourceTree = "<group>";
		};
/* End PBXVariantGroup section */

/* Begin XCBuildConfiguration section */
		5FBEF53D2AD6E02B00F91F6A /* Debug */ = {
			isa = XCBuildConfiguration;
			buildSettings = {
				ALWAYS_SEARCH_USER_PATHS = NO;
				CLANG_ANALYZER_NONNULL = YES;
				CLANG_ANALYZER_NUMBER_OBJECT_CONVERSION = YES_AGGRESSIVE;
				CLANG_CXX_LANGUAGE_STANDARD = "gnu++20";
				CLANG_ENABLE_MODULES = YES;
				CLANG_ENABLE_OBJC_ARC = YES;
				CLANG_ENABLE_OBJC_WEAK = YES;
				CLANG_WARN_BLOCK_CAPTURE_AUTORELEASING = YES;
				CLANG_WARN_BOOL_CONVERSION = YES;
				CLANG_WARN_COMMA = YES;
				CLANG_WARN_CONSTANT_CONVERSION = YES;
				CLANG_WARN_DEPRECATED_OBJC_IMPLEMENTATIONS = YES;
				CLANG_WARN_DIRECT_OBJC_ISA_USAGE = YES_ERROR;
				CLANG_WARN_DOCUMENTATION_COMMENTS = YES;
				CLANG_WARN_EMPTY_BODY = YES;
				CLANG_WARN_ENUM_CONVERSION = YES;
				CLANG_WARN_INFINITE_RECURSION = YES;
				CLANG_WARN_INT_CONVERSION = YES;
				CLANG_WARN_NON_LITERAL_NULL_CONVERSION = YES;
				CLANG_WARN_OBJC_IMPLICIT_RETAIN_SELF = YES;
				CLANG_WARN_OBJC_LITERAL_CONVERSION = YES;
				CLANG_WARN_OBJC_ROOT_CLASS = YES_ERROR;
				CLANG_WARN_QUOTED_INCLUDE_IN_FRAMEWORK_HEADER = YES;
				CLANG_WARN_RANGE_LOOP_ANALYSIS = YES;
				CLANG_WARN_STRICT_PROTOTYPES = YES;
				CLANG_WARN_SUSPICIOUS_MOVE = YES;
				CLANG_WARN_UNGUARDED_AVAILABILITY = YES_AGGRESSIVE;
				CLANG_WARN_UNREACHABLE_CODE = YES;
				CLANG_WARN__DUPLICATE_METHOD_MATCH = YES;
				COPY_PHASE_STRIP = NO;
				DEBUG_INFORMATION_FORMAT = dwarf;
				ENABLE_STRICT_OBJC_MSGSEND = YES;
				ENABLE_TESTABILITY = YES;
				GCC_C_LANGUAGE_STANDARD = gnu11;
				GCC_DYNAMIC_NO_PIC = NO;
				GCC_NO_COMMON_BLOCKS = YES;
				GCC_OPTIMIZATION_LEVEL = 0;
				GCC_PREPROCESSOR_DEFINITIONS = (
					"DEBUG=1",
					"$(inherited)",
				);
				GCC_WARN_64_TO_32_BIT_CONVERSION = YES;
				GCC_WARN_ABOUT_RETURN_TYPE = YES_ERROR;
				GCC_WARN_UNDECLARED_SELECTOR = YES;
				GCC_WARN_UNINITIALIZED_AUTOS = YES_AGGRESSIVE;
				GCC_WARN_UNUSED_FUNCTION = YES;
				GCC_WARN_UNUSED_VARIABLE = YES;
				IPHONEOS_DEPLOYMENT_TARGET = 16.4;
				MTL_ENABLE_DEBUG_INFO = INCLUDE_SOURCE;
				MTL_FAST_MATH = YES;
				ONLY_ACTIVE_ARCH = YES;
				SDKROOT = iphoneos;
				SWIFT_ACTIVE_COMPILATION_CONDITIONS = DEBUG;
				SWIFT_OPTIMIZATION_LEVEL = "-Onone";
			};
			name = Debug;
		};
		5FBEF53E2AD6E02B00F91F6A /* Release */ = {
			isa = XCBuildConfiguration;
			buildSettings = {
				ALWAYS_SEARCH_USER_PATHS = NO;
				CLANG_ANALYZER_NONNULL = YES;
				CLANG_ANALYZER_NUMBER_OBJECT_CONVERSION = YES_AGGRESSIVE;
				CLANG_CXX_LANGUAGE_STANDARD = "gnu++20";
				CLANG_ENABLE_MODULES = YES;
				CLANG_ENABLE_OBJC_ARC = YES;
				CLANG_ENABLE_OBJC_WEAK = YES;
				CLANG_WARN_BLOCK_CAPTURE_AUTORELEASING = YES;
				CLANG_WARN_BOOL_CONVERSION = YES;
				CLANG_WARN_COMMA = YES;
				CLANG_WARN_CONSTANT_CONVERSION = YES;
				CLANG_WARN_DEPRECATED_OBJC_IMPLEMENTATIONS = YES;
				CLANG_WARN_DIRECT_OBJC_ISA_USAGE = YES_ERROR;
				CLANG_WARN_DOCUMENTATION_COMMENTS = YES;
				CLANG_WARN_EMPTY_BODY = YES;
				CLANG_WARN_ENUM_CONVERSION = YES;
				CLANG_WARN_INFINITE_RECURSION = YES;
				CLANG_WARN_INT_CONVERSION = YES;
				CLANG_WARN_NON_LITERAL_NULL_CONVERSION = YES;
				CLANG_WARN_OBJC_IMPLICIT_RETAIN_SELF = YES;
				CLANG_WARN_OBJC_LITERAL_CONVERSION = YES;
				CLANG_WARN_OBJC_ROOT_CLASS = YES_ERROR;
				CLANG_WARN_QUOTED_INCLUDE_IN_FRAMEWORK_HEADER = YES;
				CLANG_WARN_RANGE_LOOP_ANALYSIS = YES;
				CLANG_WARN_STRICT_PROTOTYPES = YES;
				CLANG_WARN_SUSPICIOUS_MOVE = YES;
				CLANG_WARN_UNGUARDED_AVAILABILITY = YES_AGGRESSIVE;
				CLANG_WARN_UNREACHABLE_CODE = YES;
				CLANG_WARN__DUPLICATE_METHOD_MATCH = YES;
				COPY_PHASE_STRIP = NO;
				DEBUG_INFORMATION_FORMAT = "dwarf-with-dsym";
				ENABLE_NS_ASSERTIONS = NO;
				ENABLE_STRICT_OBJC_MSGSEND = YES;
				GCC_C_LANGUAGE_STANDARD = gnu11;
				GCC_NO_COMMON_BLOCKS = YES;
				GCC_WARN_64_TO_32_BIT_CONVERSION = YES;
				GCC_WARN_ABOUT_RETURN_TYPE = YES_ERROR;
				GCC_WARN_UNDECLARED_SELECTOR = YES;
				GCC_WARN_UNINITIALIZED_AUTOS = YES_AGGRESSIVE;
				GCC_WARN_UNUSED_FUNCTION = YES;
				GCC_WARN_UNUSED_VARIABLE = YES;
				IPHONEOS_DEPLOYMENT_TARGET = 16.4;
				MTL_ENABLE_DEBUG_INFO = NO;
				MTL_FAST_MATH = YES;
				SDKROOT = iphoneos;
				SWIFT_COMPILATION_MODE = wholemodule;
				SWIFT_OPTIMIZATION_LEVEL = "-O";
				VALIDATE_PRODUCT = YES;
			};
			name = Release;
		};
		5FBEF5402AD6E02B00F91F6A /* Debug */ = {
			isa = XCBuildConfiguration;
			buildSettings = {
				ASSETCATALOG_COMPILER_APPICON_NAME = AppIcon;
				ASSETCATALOG_COMPILER_GLOBAL_ACCENT_COLOR_NAME = AccentColor;
				CODE_SIGN_STYLE = Automatic;
				CURRENT_PROJECT_VERSION = 1;
				GENERATE_INFOPLIST_FILE = YES;
				INFOPLIST_FILE = "knots-and-crosses/Info.plist";
				INFOPLIST_KEY_UIApplicationSupportsIndirectInputEvents = YES;
				INFOPLIST_KEY_UILaunchStoryboardName = LaunchScreen;
				INFOPLIST_KEY_UIMainStoryboardFile = Main;
				INFOPLIST_KEY_UISupportedInterfaceOrientations_iPad = "UIInterfaceOrientationPortrait UIInterfaceOrientationPortraitUpsideDown UIInterfaceOrientationLandscapeLeft UIInterfaceOrientationLandscapeRight";
				INFOPLIST_KEY_UISupportedInterfaceOrientations_iPhone = "UIInterfaceOrientationPortrait UIInterfaceOrientationLandscapeLeft UIInterfaceOrientationLandscapeRight";
				LD_RUNPATH_SEARCH_PATHS = (
					"$(inherited)",
					"@executable_path/Frameworks",
				);
				MARKETING_VERSION = 1.0;
				PRODUCT_BUNDLE_IDENTIFIER = "tadahiroueta.knots-and-crosses";
				PRODUCT_NAME = "$(TARGET_NAME)";
				SWIFT_EMIT_LOC_STRINGS = YES;
				SWIFT_VERSION = 5.0;
				TARGETED_DEVICE_FAMILY = "1,2";
			};
			name = Debug;
		};
		5FBEF5412AD6E02B00F91F6A /* Release */ = {
			isa = XCBuildConfiguration;
			buildSettings = {
				ASSETCATALOG_COMPILER_APPICON_NAME = AppIcon;
				ASSETCATALOG_COMPILER_GLOBAL_ACCENT_COLOR_NAME = AccentColor;
				CODE_SIGN_STYLE = Automatic;
				CURRENT_PROJECT_VERSION = 1;
				GENERATE_INFOPLIST_FILE = YES;
				INFOPLIST_FILE = "knots-and-crosses/Info.plist";
				INFOPLIST_KEY_UIApplicationSupportsIndirectInputEvents = YES;
				INFOPLIST_KEY_UILaunchStoryboardName = LaunchScreen;
				INFOPLIST_KEY_UIMainStoryboardFile = Main;
				INFOPLIST_KEY_UISupportedInterfaceOrientations_iPad = "UIInterfaceOrientationPortrait UIInterfaceOrientationPortraitUpsideDown UIInterfaceOrientationLandscapeLeft UIInterfaceOrientationLandscapeRight";
				INFOPLIST_KEY_UISupportedInterfaceOrientations_iPhone = "UIInterfaceOrientationPortrait UIInterfaceOrientationLandscapeLeft UIInterfaceOrientationLandscapeRight";
				LD_RUNPATH_SEARCH_PATHS = (
					"$(inherited)",
					"@executable_path/Frameworks",
				);
				MARKETING_VERSION = 1.0;
				PRODUCT_BUNDLE_IDENTIFIER = "tadahiroueta.knots-and-crosses";
				PRODUCT_NAME = "$(TARGET_NAME)";
				SWIFT_EMIT_LOC_STRINGS = YES;
				SWIFT_VERSION = 5.0;
				TARGETED_DEVICE_FAMILY = "1,2";
			};
			name = Release;
		};
		5FBEF5432AD6E02B00F91F6A /* Debug */ = {
			isa = XCBuildConfiguration;
			buildSettings = {
				ALWAYS_EMBED_SWIFT_STANDARD_LIBRARIES = YES;
				BUNDLE_LOADER = "$(TEST_HOST)";
				CODE_SIGN_STYLE = Automatic;
				CURRENT_PROJECT_VERSION = 1;
				GENERATE_INFOPLIST_FILE = YES;
				IPHONEOS_DEPLOYMENT_TARGET = 16.4;
				MARKETING_VERSION = 1.0;
				PRODUCT_BUNDLE_IDENTIFIER = "tadahiroueta.knots-and-crossesTests";
				PRODUCT_NAME = "$(TARGET_NAME)";
				SWIFT_EMIT_LOC_STRINGS = NO;
				SWIFT_VERSION = 5.0;
				TARGETED_DEVICE_FAMILY = "1,2";
				TEST_HOST = "$(BUILT_PRODUCTS_DIR)/knots-and-crosses.app/$(BUNDLE_EXECUTABLE_FOLDER_PATH)/knots-and-crosses";
			};
			name = Debug;
		};
		5FBEF5442AD6E02B00F91F6A /* Release */ = {
			isa = XCBuildConfiguration;
			buildSettings = {
				ALWAYS_EMBED_SWIFT_STANDARD_LIBRARIES = YES;
				BUNDLE_LOADER = "$(TEST_HOST)";
				CODE_SIGN_STYLE = Automatic;
				CURRENT_PROJECT_VERSION = 1;
				GENERATE_INFOPLIST_FILE = YES;
				IPHONEOS_DEPLOYMENT_TARGET = 16.4;
				MARKETING_VERSION = 1.0;
				PRODUCT_BUNDLE_IDENTIFIER = "tadahiroueta.knots-and-crossesTests";
				PRODUCT_NAME = "$(TARGET_NAME)";
				SWIFT_EMIT_LOC_STRINGS = NO;
				SWIFT_VERSION = 5.0;
				TARGETED_DEVICE_FAMILY = "1,2";
				TEST_HOST = "$(BUILT_PRODUCTS_DIR)/knots-and-crosses.app/$(BUNDLE_EXECUTABLE_FOLDER_PATH)/knots-and-crosses";
			};
			name = Release;
		};
		5FBEF5462AD6E02B00F91F6A /* Debug */ = {
			isa = XCBuildConfiguration;
			buildSettings = {
				ALWAYS_EMBED_SWIFT_STANDARD_LIBRARIES = YES;
				CODE_SIGN_STYLE = Automatic;
				CURRENT_PROJECT_VERSION = 1;
				GENERATE_INFOPLIST_FILE = YES;
				MARKETING_VERSION = 1.0;
				PRODUCT_BUNDLE_IDENTIFIER = "tadahiroueta.knots-and-crossesUITests";
				PRODUCT_NAME = "$(TARGET_NAME)";
				SWIFT_EMIT_LOC_STRINGS = NO;
				SWIFT_VERSION = 5.0;
				TARGETED_DEVICE_FAMILY = "1,2";
				TEST_TARGET_NAME = "knots-and-crosses";
			};
			name = Debug;
		};
		5FBEF5472AD6E02B00F91F6A /* Release */ = {
			isa = XCBuildConfiguration;
			buildSettings = {
				ALWAYS_EMBED_SWIFT_STANDARD_LIBRARIES = YES;
				CODE_SIGN_STYLE = Automatic;
				CURRENT_PROJECT_VERSION = 1;
				GENERATE_INFOPLIST_FILE = YES;
				MARKETING_VERSION = 1.0;
				PRODUCT_BUNDLE_IDENTIFIER = "tadahiroueta.knots-and-crossesUITests";
				PRODUCT_NAME = "$(TARGET_NAME)";
				SWIFT_EMIT_LOC_STRINGS = NO;
				SWIFT_VERSION = 5.0;
				TARGETED_DEVICE_FAMILY = "1,2";
				TEST_TARGET_NAME = "knots-and-crosses";
			};
			name = Release;
		};
/* End XCBuildConfiguration section */

/* Begin XCConfigurationList section */
		5FBEF5102AD6E02800F91F6A /* Build configuration list for PBXProject "knots-and-crosses" */ = {
			isa = XCConfigurationList;
			buildConfigurations = (
				5FBEF53D2AD6E02B00F91F6A /* Debug */,
				5FBEF53E2AD6E02B00F91F6A /* Release */,
			);
			defaultConfigurationIsVisible = 0;
			defaultConfigurationName = Release;
		};
		5FBEF53F2AD6E02B00F91F6A /* Build configuration list for PBXNativeTarget "knots-and-crosses" */ = {
			isa = XCConfigurationList;
			buildConfigurations = (
				5FBEF5402AD6E02B00F91F6A /* Debug */,
				5FBEF5412AD6E02B00F91F6A /* Release */,
			);
			defaultConfigurationIsVisible = 0;
			defaultConfigurationName = Release;
		};
		5FBEF5422AD6E02B00F91F6A /* Build configuration list for PBXNativeTarget "knots-and-crossesTests" */ = {
			isa = XCConfigurationList;
			buildConfigurations = (
				5FBEF5432AD6E02B00F91F6A /* Debug */,
				5FBEF5442AD6E02B00F91F6A /* Release */,
			);
			defaultConfigurationIsVisible = 0;
			defaultConfigurationName = Release;
		};
		5FBEF5452AD6E02B00F91F6A /* Build configuration list for PBXNativeTarget "knots-and-crossesUITests" */ = {
			isa = XCConfigurationList;
			buildConfigurations = (
				5FBEF5462AD6E02B00F91F6A /* Debug */,
				5FBEF5472AD6E02B00F91F6A /* Release */,
			);
			defaultConfigurationIsVisible = 0;
			defaultConfigurationName = Release;
		};
/* End XCConfigurationList section */
	};
	rootObject = 5FBEF50D2AD6E02800F91F6A /* Project object */;
}
